version: 2.0
shards:
  cluster_tools:
    git: https://github.com/svteb/cluster_tools.git
    version: 1.0.0

  docker_client:
    git: https://github.com/cnf-testsuite/docker_client.git
    version: 1.0.0

  find:
    git: https://github.com/cnf-testsuite/find.git
    version: 0.1.0+git.commit.129096c08d84adb1b741aa8a5ee132d6f2a87e02

  halite:
    git: https://github.com/icyleaf/halite.git
    version: 0.12.1

  helm:
    git: https://github.com/cnf-testsuite/helm.git
    version: 1.0.1

  kernel_introspection:
    git: https://github.com/cnf-testsuite/kernel_introspection.git
    version: 0.1.0

  kubectl_client:
    git: https://github.com/cnf-testsuite/kubectl_client.git
    version: 1.0.1

  popcorn:
    git: https://github.com/icyleaf/popcorn.git
    version: 0.3.0

  tar:
    git: https://github.com/cnf-testsuite/tar.git
    version: 0.1.0+git.commit.ae9bbea1402eded7b411368336653e4ad822003a

  totem:
    git: https://github.com/icyleaf/totem.git
    version: 0.7.0

