version: 2.0
shards:
  cluster_tools:
    git: https://github.com/cnf-testsuite/cluster_tools.git
    version: 0.1.0+git.commit.9c2fda6a1106d1c1a67a733445fb2a339035e768

  docker_client:
    git: https://github.com/cnf-testsuite/docker_client.git
    version: 0.1.0+git.commit.32dacefbc3dfcf98c8126ff793c97a3038e9b122

  find:
    git: https://github.com/cnf-testsuite/find.git
    version: 0.1.0+git.commit.129096c08d84adb1b741aa8a5ee132d6f2a87e02

  halite:
    git: https://github.com/icyleaf/halite.git
    version: 0.12.1

  helm:
    git: https://github.com/cnf-testsuite/helm.git
    version: 0.1.0+git.commit.12b1152fcb8d55806d6c5949716a1ff116c4d3d2

  kernel_introspection:
    git: https://github.com/cnf-testsuite/kernel_introspection.git
    version: 0.1.0+git.commit.a267babbb77bcab877ded6895f9416854a11a67b

  kubectl_client:
    git: https://github.com/cnf-testsuite/kubectl_client.git
    version: 0.1.0+git.commit.12cad24a372469e34e0f64019b10e1b3dc82a124

  popcorn:
    git: https://github.com/icyleaf/popcorn.git
    version: 0.3.0

  tar:
    git: https://github.com/cnf-testsuite/tar.git
    version: 0.1.0+git.commit.ae9bbea1402eded7b411368336653e4ad822003a

  totem:
    git: https://github.com/icyleaf/totem.git
    version: 0.7.0

